
Microsoft Visual Studio Solution File, Format Version 12.00
# Visual Studio Version 17
VisualStudioVersion = 17.3.32825.248
MinimumVisualStudioVersion = 10.0.40219.1
Project("{FAE04EC0-301F-11D3-BF4B-00C04F79EFBC}") = "App1.Android", "App1\App1.Android\App1.Android.csproj", "{F1CB7976-2743-4EB7-82F5-A99B33CF0450}"
EndProject
Project("{FAE04EC0-301F-11D3-BF4B-00C04F79EFBC}") = "App1.iOS", "App1\App1.iOS\App1.iOS.csproj", "{49AC00A9-C668-4C9C-99E4-66EE918640C3}"
EndProject
Project("{9A19103F-16F7-4668-BE54-9A1E7A4F7556}") = "App1", "App1\App1\App1.csproj", "{33DB7273-015E-4A44-981D-4F2FEC76EE47}"
EndProject
Project("{2150E333-8FDC-42A3-9474-1A3956D46DE8}") = "Elementos de la solución", "Elementos de la solución", "{62BDFB5C-C2B6-418E-A657-867FCD5CA42D}"
EndProject
Global
	GlobalSection(SolutionConfigurationPlatforms) = preSolution
		Debug|Any CPU = Debug|Any CPU
		Debug|iPhone = Debug|iPhone
		Debug|iPhoneSimulator = Debug|iPhoneSimulator
		Release|Any CPU = Release|Any CPU
		Release|iPhone = Release|iPhone
		Release|iPhoneSimulator = Release|iPhoneSimulator
	EndGlobalSection
	GlobalSection(ProjectConfigurationPlatforms) = postSolution
		{F1CB7976-2743-4EB7-82F5-A99B33CF0450}.Debug|Any CPU.ActiveCfg = Debug|Any CPU
		{F1CB7976-2743-4EB7-82F5-A99B33CF0450}.Debug|Any CPU.Build.0 = Debug|Any CPU
		{F1CB7976-2743-4EB7-82F5-A99B33CF0450}.Debug|Any CPU.Deploy.0 = Debug|Any CPU
		{F1CB7976-2743-4EB7-82F5-A99B33CF0450}.Debug|iPhone.ActiveCfg = Debug|Any CPU
		{F1CB7976-2743-4EB7-82F5-A99B33CF0450}.Debug|iPhone.Build.0 = Debug|Any CPU
		{F1CB7976-2743-4EB7-82F5-A99B33CF0450}.Debug|iPhone.Deploy.0 = Debug|Any CPU
		{F1CB7976-2743-4EB7-82F5-A99B33CF0450}.Debug|iPhoneSimulator.ActiveCfg = Debug|Any CPU
		{F1CB7976-2743-4EB7-82F5-A99B33CF0450}.Debug|iPhoneSimulator.Build.0 = Debug|Any CPU
		{F1CB7976-2743-4EB7-82F5-A99B33CF0450}.Debug|iPhoneSimulator.Deploy.0 = Debug|Any CPU
		{F1CB7976-2743-4EB7-82F5-A99B33CF0450}.Release|Any CPU.ActiveCfg = Release|Any CPU
		{F1CB7976-2743-4EB7-82F5-A99B33CF0450}.Release|Any CPU.Build.0 = Release|Any CPU
		{F1CB7976-2743-4EB7-82F5-A99B33CF0450}.Release|Any CPU.Deploy.0 = Release|Any CPU
		{F1CB7976-2743-4EB7-82F5-A99B33CF0450}.Release|iPhone.ActiveCfg = Release|Any CPU
		{F1CB7976-2743-4EB7-82F5-A99B33CF0450}.Release|iPhone.Build.0 = Release|Any CPU
		{F1CB7976-2743-4EB7-82F5-A99B33CF0450}.Release|iPhone.Deploy.0 = Release|Any CPU
		{F1CB7976-2743-4EB7-82F5-A99B33CF0450}.Release|iPhoneSimulator.ActiveCfg = Release|Any CPU
		{F1CB7976-2743-4EB7-82F5-A99B33CF0450}.Release|iPhoneSimulator.Build.0 = Release|Any CPU
		{F1CB7976-2743-4EB7-82F5-A99B33CF0450}.Release|iPhoneSimulator.Deploy.0 = Release|Any CPU
		{49AC00A9-C668-4C9C-99E4-66EE918640C3}.Debug|Any CPU.ActiveCfg = Debug|iPhone
		{49AC00A9-C668-4C9C-99E4-66EE918640C3}.Debug|Any CPU.Build.0 = Debug|iPhone
		{49AC00A9-C668-4C9C-99E4-66EE918640C3}.Debug|Any CPU.Deploy.0 = Debug|iPhone
		{49AC00A9-C668-4C9C-99E4-66EE918640C3}.Debug|iPhone.ActiveCfg = Debug|iPhone
		{49AC00A9-C668-4C9C-99E4-66EE918640C3}.Debug|iPhone.Build.0 = Debug|iPhone
		{49AC00A9-C668-4C9C-99E4-66EE918640C3}.Debug|iPhone.Deploy.0 = Debug|iPhone
		{49AC00A9-C668-4C9C-99E4-66EE918640C3}.Debug|iPhoneSimulator.ActiveCfg = Debug|iPhoneSimulator
		{49AC00A9-C668-4C9C-99E4-66EE918640C3}.Debug|iPhoneSimulator.Build.0 = Debug|iPhoneSimulator
		{49AC00A9-C668-4C9C-99E4-66EE918640C3}.Debug|iPhoneSimulator.Deploy.0 = Debug|iPhoneSimulator
		{49AC00A9-C668-4C9C-99E4-66EE918640C3}.Release|Any CPU.ActiveCfg = Release|iPhoneSimulator
		{49AC00A9-C668-4C9C-99E4-66EE918640C3}.Release|Any CPU.Build.0 = Release|iPhoneSimulator
		{49AC00A9-C668-4C9C-99E4-66EE918640C3}.Release|Any CPU.Deploy.0 = Release|iPhoneSimulator
		{49AC00A9-C668-4C9C-99E4-66EE918640C3}.Release|iPhone.ActiveCfg = Release|iPhone
		{49AC00A9-C668-4C9C-99E4-66EE918640C3}.Release|iPhone.Build.0 = Release|iPhone
		{49AC00A9-C668-4C9C-99E4-66EE918640C3}.Release|iPhone.Deploy.0 = Release|iPhone
		{49AC00A9-C668-4C9C-99E4-66EE918640C3}.Release|iPhoneSimulator.ActiveCfg = Release|iPhoneSimulator
		{49AC00A9-C668-4C9C-99E4-66EE918640C3}.Release|iPhoneSimulator.Build.0 = Release|iPhoneSimulator
		{49AC00A9-C668-4C9C-99E4-66EE918640C3}.Release|iPhoneSimulator.Deploy.0 = Release|iPhoneSimulator
		{33DB7273-015E-4A44-981D-4F2FEC76EE47}.Debug|Any CPU.ActiveCfg = Debug|Any CPU
		{33DB7273-015E-4A44-981D-4F2FEC76EE47}.Debug|Any CPU.Build.0 = Debug|Any CPU
		{33DB7273-015E-4A44-981D-4F2FEC76EE47}.Debug|Any CPU.Deploy.0 = Debug|Any CPU
		{33DB7273-015E-4A44-981D-4F2FEC76EE47}.Debug|iPhone.ActiveCfg = Debug|Any CPU
		{33DB7273-015E-4A44-981D-4F2FEC76EE47}.Debug|iPhone.Build.0 = Debug|Any CPU
		{33DB7273-015E-4A44-981D-4F2FEC76EE47}.Debug|iPhone.Deploy.0 = Debug|Any CPU
		{33DB7273-015E-4A44-981D-4F2FEC76EE47}.Debug|iPhoneSimulator.ActiveCfg = Debug|Any CPU
		{33DB7273-015E-4A44-981D-4F2FEC76EE47}.Debug|iPhoneSimulator.Build.0 = Debug|Any CPU
		{33DB7273-015E-4A44-981D-4F2FEC76EE47}.Debug|iPhoneSimulator.Deploy.0 = Debug|Any CPU
		{33DB7273-015E-4A44-981D-4F2FEC76EE47}.Release|Any CPU.ActiveCfg = Release|Any CPU
		{33DB7273-015E-4A44-981D-4F2FEC76EE47}.Release|Any CPU.Build.0 = Release|Any CPU
		{33DB7273-015E-4A44-981D-4F2FEC76EE47}.Release|Any CPU.Deploy.0 = Release|Any CPU
		{33DB7273-015E-4A44-981D-4F2FEC76EE47}.Release|iPhone.ActiveCfg = Release|Any CPU
		{33DB7273-015E-4A44-981D-4F2FEC76EE47}.Release|iPhone.Build.0 = Release|Any CPU
		{33DB7273-015E-4A44-981D-4F2FEC76EE47}.Release|iPhone.Deploy.0 = Release|Any CPU
		{33DB7273-015E-4A44-981D-4F2FEC76EE47}.Release|iPhoneSimulator.ActiveCfg = Release|Any CPU
		{33DB7273-015E-4A44-981D-4F2FEC76EE47}.Release|iPhoneSimulator.Build.0 = Release|Any CPU
		{33DB7273-015E-4A44-981D-4F2FEC76EE47}.Release|iPhoneSimulator.Deploy.0 = Release|Any CPU
	EndGlobalSection
	GlobalSection(SolutionProperties) = preSolution
		HideSolutionNode = FALSE
	EndGlobalSection
	GlobalSection(ExtensibilityGlobals) = postSolution
		SolutionGuid = {BB1C4374-BA5A-4C7C-BB51-507F1A6733EE}
	EndGlobalSection
EndGlobal
